
Microsoft Visual Studio Solution File, Format Version 12.00
# Visual Studio Version 17
VisualStudioVersion = 17.5.002.0
MinimumVisualStudioVersion = 10.0.40219.1
Project("{2150E333-8FDC-42A3-9474-1A3956D46DE8}") = "csharp-prep", "csharp-prep", "{F28CD8AD-D2AF-48A7-8A0E-31C6A3F7DCD9}"
EndProject
Project("{9A19103F-16F7-4668-BE54-9A1E7A4F7556}") = "Prep1", "csharp-prep\Prep1\Prep1.csproj", "{B666B81E-EE78-45EE-B2B7-F31F43F32AF2}"
EndProject
Project("{9A19103F-16F7-4668-BE54-9A1E7A4F7556}") = "Prep2", "csharp-prep\Prep2\Prep2.csproj", "{C16E75BD-7BEA-4296-85E9-F1EA31B66CD7}"
EndProject
Project("{9A19103F-16F7-4668-BE54-9A1E7A4F7556}") = "Prep3", "csharp-prep\Prep3\Prep3.csproj", "{C4D039B4-162C-4E1F-85D0-C57FCD4D0272}"
EndProject
Project("{9A19103F-16F7-4668-BE54-9A1E7A4F7556}") = "Prep4", "csharp-prep\Prep4\Prep4.csproj", "{FD8A8087-B662-467E-BC1C-5BBBEA2094AB}"
EndProject
Project("{9A19103F-16F7-4668-BE54-9A1E7A4F7556}") = "Prep5", "csharp-prep\Prep5\Prep5.csproj", "{41A5E431-D244-4BD3-A6C3-CA89A9B3DAB4}"
EndProject
Project("{2150E333-8FDC-42A3-9474-1A3956D46DE8}") = "final", "final", "{872DAECB-B1C0-4465-8A10-C4092D6C3062}"
EndProject
Project("{9A19103F-16F7-4668-BE54-9A1E7A4F7556}") = "FinalProject", "final\FinalProject\FinalProject.csproj", "{333A998F-6735-4DA2-80EF-8ED0555B3B3F}"
EndProject
Project("{9A19103F-16F7-4668-BE54-9A1E7A4F7556}") = "Foundation1", "final\Foundation1\Foundation1.csproj", "{824B8816-6065-4EA3-BB99-ADE020DA20EB}"
EndProject
Project("{9A19103F-16F7-4668-BE54-9A1E7A4F7556}") = "Foundation2", "final\Foundation2\Foundation2.csproj", "{1906B666-4E9C-4806-868F-53B04045CD98}"
EndProject
Project("{9A19103F-16F7-4668-BE54-9A1E7A4F7556}") = "Foundation3", "final\Foundation3\Foundation3.csproj", "{B2B02A30-EF7F-44B1-8855-3D152BB83A27}"
EndProject
Project("{9A19103F-16F7-4668-BE54-9A1E7A4F7556}") = "Foundation4", "final\Foundation4\Foundation4.csproj", "{385F262B-3A97-41B9-8234-6A8B30916C46}"
EndProject
Project("{2150E333-8FDC-42A3-9474-1A3956D46DE8}") = "prepare", "prepare", "{E72A3927-3D56-4EBC-B89A-204D00340BFF}"
EndProject
Project("{9A19103F-16F7-4668-BE54-9A1E7A4F7556}") = "Learning02", "prepare\Learning02\Learning02.csproj", "{DAA9E8F9-0297-44A3-84D9-D66771662E04}"
EndProject
Project("{9A19103F-16F7-4668-BE54-9A1E7A4F7556}") = "Learning03", "prepare\Learning03\Learning03.csproj", "{79856858-F42E-46D7-BE52-B8E4103D425D}"
EndProject
Project("{9A19103F-16F7-4668-BE54-9A1E7A4F7556}") = "Learning04", "prepare\Learning04\Learning04.csproj", "{F4C2E03D-DCB8-4E6E-8E5E-BBABEEB30B0E}"
EndProject
Project("{9A19103F-16F7-4668-BE54-9A1E7A4F7556}") = "Learning05", "prepare\Learning05\Learning05.csproj", "{68F1E02E-720D-451A-8383-DFC7DE7F71DE}"
EndProject
Project("{2150E333-8FDC-42A3-9474-1A3956D46DE8}") = "prove", "prove", "{0F4F88BA-66BE-4BDF-A5D5-FCD80B33F9E0}"
EndProject
Project("{9A19103F-16F7-4668-BE54-9A1E7A4F7556}") = "Develop02", "prove\Develop02\Develop02.csproj", "{36F05FC0-3004-4913-8FC0-BEC17EBA0B44}"
EndProject
Project("{9A19103F-16F7-4668-BE54-9A1E7A4F7556}") = "Develop03", "prove\Develop03\Develop03.csproj", "{75DAF24D-39E7-4F75-BCE2-161D55B236F4}"
EndProject
Project("{9A19103F-16F7-4668-BE54-9A1E7A4F7556}") = "Develop04", "prove\Develop04\Develop04.csproj", "{17E142AE-B20A-4CA7-A8D3-FA04B6876275}"
EndProject
Project("{9A19103F-16F7-4668-BE54-9A1E7A4F7556}") = "Develop05", "prove\Develop05\Develop05.csproj", "{3B4B5F91-EF27-4485-A215-0D8E15CACAAA}"
EndProject
Project("{2150E333-8FDC-42A3-9474-1A3956D46DE8}") = "sandbox", "sandbox", "{323523D7-A74C-4C64-B18D-027777259667}"
EndProject
Project("{9A19103F-16F7-4668-BE54-9A1E7A4F7556}") = "Sandbox", "sandbox\Sandbox\Sandbox.csproj", "{CE4063E2-C1F3-4281-B00F-4ECBF752E720}"
EndProject
Global
	GlobalSection(SolutionConfigurationPlatforms) = preSolution
		Debug|Any CPU = Debug|Any CPU
		Release|Any CPU = Release|Any CPU
	EndGlobalSection
	GlobalSection(ProjectConfigurationPlatforms) = postSolution
		{B666B81E-EE78-45EE-B2B7-F31F43F32AF2}.Debug|Any CPU.ActiveCfg = Debug|Any CPU
		{B666B81E-EE78-45EE-B2B7-F31F43F32AF2}.Debug|Any CPU.Build.0 = Debug|Any CPU
		{B666B81E-EE78-45EE-B2B7-F31F43F32AF2}.Release|Any CPU.ActiveCfg = Release|Any CPU
		{B666B81E-EE78-45EE-B2B7-F31F43F32AF2}.Release|Any CPU.Build.0 = Release|Any CPU
		{C16E75BD-7BEA-4296-85E9-F1EA31B66CD7}.Debug|Any CPU.ActiveCfg = Debug|Any CPU
		{C16E75BD-7BEA-4296-85E9-F1EA31B66CD7}.Debug|Any CPU.Build.0 = Debug|Any CPU
		{C16E75BD-7BEA-4296-85E9-F1EA31B66CD7}.Release|Any CPU.ActiveCfg = Release|Any CPU
		{C16E75BD-7BEA-4296-85E9-F1EA31B66CD7}.Release|Any CPU.Build.0 = Release|Any CPU
		{C4D039B4-162C-4E1F-85D0-C57FCD4D0272}.Debug|Any CPU.ActiveCfg = Debug|Any CPU
		{C4D039B4-162C-4E1F-85D0-C57FCD4D0272}.Debug|Any CPU.Build.0 = Debug|Any CPU
		{C4D039B4-162C-4E1F-85D0-C57FCD4D0272}.Release|Any CPU.ActiveCfg = Release|Any CPU
		{C4D039B4-162C-4E1F-85D0-C57FCD4D0272}.Release|Any CPU.Build.0 = Release|Any CPU
		{FD8A8087-B662-467E-BC1C-5BBBEA2094AB}.Debug|Any CPU.ActiveCfg = Debug|Any CPU
		{FD8A8087-B662-467E-BC1C-5BBBEA2094AB}.Debug|Any CPU.Build.0 = Debug|Any CPU
		{FD8A8087-B662-467E-BC1C-5BBBEA2094AB}.Release|Any CPU.ActiveCfg = Release|Any CPU
		{FD8A8087-B662-467E-BC1C-5BBBEA2094AB}.Release|Any CPU.Build.0 = Release|Any CPU
		{41A5E431-D244-4BD3-A6C3-CA89A9B3DAB4}.Debug|Any CPU.ActiveCfg = Debug|Any CPU
		{41A5E431-D244-4BD3-A6C3-CA89A9B3DAB4}.Debug|Any CPU.Build.0 = Debug|Any CPU
		{41A5E431-D244-4BD3-A6C3-CA89A9B3DAB4}.Release|Any CPU.ActiveCfg = Release|Any CPU
		{41A5E431-D244-4BD3-A6C3-CA89A9B3DAB4}.Release|Any CPU.Build.0 = Release|Any CPU
		{333A998F-6735-4DA2-80EF-8ED0555B3B3F}.Debug|Any CPU.ActiveCfg = Debug|Any CPU
		{333A998F-6735-4DA2-80EF-8ED0555B3B3F}.Debug|Any CPU.Build.0 = Debug|Any CPU
		{333A998F-6735-4DA2-80EF-8ED0555B3B3F}.Release|Any CPU.ActiveCfg = Release|Any CPU
		{333A998F-6735-4DA2-80EF-8ED0555B3B3F}.Release|Any CPU.Build.0 = Release|Any CPU
		{824B8816-6065-4EA3-BB99-ADE020DA20EB}.Debug|Any CPU.ActiveCfg = Debug|Any CPU
		{824B8816-6065-4EA3-BB99-ADE020DA20EB}.Debug|Any CPU.Build.0 = Debug|Any CPU
		{824B8816-6065-4EA3-BB99-ADE020DA20EB}.Release|Any CPU.ActiveCfg = Release|Any CPU
		{824B8816-6065-4EA3-BB99-ADE020DA20EB}.Release|Any CPU.Build.0 = Release|Any CPU
		{1906B666-4E9C-4806-868F-53B04045CD98}.Debug|Any CPU.ActiveCfg = Debug|Any CPU
		{1906B666-4E9C-4806-868F-53B04045CD98}.Debug|Any CPU.Build.0 = Debug|Any CPU
		{1906B666-4E9C-4806-868F-53B04045CD98}.Release|Any CPU.ActiveCfg = Release|Any CPU
		{1906B666-4E9C-4806-868F-53B04045CD98}.Release|Any CPU.Build.0 = Release|Any CPU
		{B2B02A30-EF7F-44B1-8855-3D152BB83A27}.Debug|Any CPU.ActiveCfg = Debug|Any CPU
		{B2B02A30-EF7F-44B1-8855-3D152BB83A27}.Debug|Any CPU.Build.0 = Debug|Any CPU
		{B2B02A30-EF7F-44B1-8855-3D152BB83A27}.Release|Any CPU.ActiveCfg = Release|Any CPU
		{B2B02A30-EF7F-44B1-8855-3D152BB83A27}.Release|Any CPU.Build.0 = Release|Any CPU
		{385F262B-3A97-41B9-8234-6A8B30916C46}.Debug|Any CPU.ActiveCfg = Debug|Any CPU
		{385F262B-3A97-41B9-8234-6A8B30916C46}.Debug|Any CPU.Build.0 = Debug|Any CPU
		{385F262B-3A97-41B9-8234-6A8B30916C46}.Release|Any CPU.ActiveCfg = Release|Any CPU
		{385F262B-3A97-41B9-8234-6A8B30916C46}.Release|Any CPU.Build.0 = Release|Any CPU
		{DAA9E8F9-0297-44A3-84D9-D66771662E04}.Debug|Any CPU.ActiveCfg = Debug|Any CPU
		{DAA9E8F9-0297-44A3-84D9-D66771662E04}.Debug|Any CPU.Build.0 = Debug|Any CPU
		{DAA9E8F9-0297-44A3-84D9-D66771662E04}.Release|Any CPU.ActiveCfg = Release|Any CPU
		{DAA9E8F9-0297-44A3-84D9-D66771662E04}.Release|Any CPU.Build.0 = Release|Any CPU
		{79856858-F42E-46D7-BE52-B8E4103D425D}.Debug|Any CPU.ActiveCfg = Debug|Any CPU
		{79856858-F42E-46D7-BE52-B8E4103D425D}.Debug|Any CPU.Build.0 = Debug|Any CPU
		{79856858-F42E-46D7-BE52-B8E4103D425D}.Release|Any CPU.ActiveCfg = Release|Any CPU
		{79856858-F42E-46D7-BE52-B8E4103D425D}.Release|Any CPU.Build.0 = Release|Any CPU
		{F4C2E03D-DCB8-4E6E-8E5E-BBABEEB30B0E}.Debug|Any CPU.ActiveCfg = Debug|Any CPU
		{F4C2E03D-DCB8-4E6E-8E5E-BBABEEB30B0E}.Debug|Any CPU.Build.0 = Debug|Any CPU
		{F4C2E03D-DCB8-4E6E-8E5E-BBABEEB30B0E}.Release|Any CPU.ActiveCfg = Release|Any CPU
		{F4C2E03D-DCB8-4E6E-8E5E-BBABEEB30B0E}.Release|Any CPU.Build.0 = Release|Any CPU
		{68F1E02E-720D-451A-8383-DFC7DE7F71DE}.Debug|Any CPU.ActiveCfg = Debug|Any CPU
		{68F1E02E-720D-451A-8383-DFC7DE7F71DE}.Debug|Any CPU.Build.0 = Debug|Any CPU
		{68F1E02E-720D-451A-8383-DFC7DE7F71DE}.Release|Any CPU.ActiveCfg = Release|Any CPU
		{68F1E02E-720D-451A-8383-DFC7DE7F71DE}.Release|Any CPU.Build.0 = Release|Any CPU
		{36F05FC0-3004-4913-8FC0-BEC17EBA0B44}.Debug|Any CPU.ActiveCfg = Debug|Any CPU
		{36F05FC0-3004-4913-8FC0-BEC17EBA0B44}.Debug|Any CPU.Build.0 = Debug|Any CPU
		{36F05FC0-3004-4913-8FC0-BEC17EBA0B44}.Release|Any CPU.ActiveCfg = Release|Any CPU
		{36F05FC0-3004-4913-8FC0-BEC17EBA0B44}.Release|Any CPU.Build.0 = Release|Any CPU
		{75DAF24D-39E7-4F75-BCE2-161D55B236F4}.Debug|Any CPU.ActiveCfg = Debug|Any CPU
		{75DAF24D-39E7-4F75-BCE2-161D55B236F4}.Debug|Any CPU.Build.0 = Debug|Any CPU
		{75DAF24D-39E7-4F75-BCE2-161D55B236F4}.Release|Any CPU.ActiveCfg = Release|Any CPU
		{75DAF24D-39E7-4F75-BCE2-161D55B236F4}.Release|Any CPU.Build.0 = Release|Any CPU
		{17E142AE-B20A-4CA7-A8D3-FA04B6876275}.Debug|Any CPU.ActiveCfg = Debug|Any CPU
		{17E142AE-B20A-4CA7-A8D3-FA04B6876275}.Debug|Any CPU.Build.0 = Debug|Any CPU
		{17E142AE-B20A-4CA7-A8D3-FA04B6876275}.Release|Any CPU.ActiveCfg = Release|Any CPU
		{17E142AE-B20A-4CA7-A8D3-FA04B6876275}.Release|Any CPU.Build.0 = Release|Any CPU
		{3B4B5F91-EF27-4485-A215-0D8E15CACAAA}.Debug|Any CPU.ActiveCfg = Debug|Any CPU
		{3B4B5F91-EF27-4485-A215-0D8E15CACAAA}.Debug|Any CPU.Build.0 = Debug|Any CPU
		{3B4B5F91-EF27-4485-A215-0D8E15CACAAA}.Release|Any CPU.ActiveCfg = Release|Any CPU
		{3B4B5F91-EF27-4485-A215-0D8E15CACAAA}.Release|Any CPU.Build.0 = Release|Any CPU
		{CE4063E2-C1F3-4281-B00F-4ECBF752E720}.Debug|Any CPU.ActiveCfg = Debug|Any CPU
		{CE4063E2-C1F3-4281-B00F-4ECBF752E720}.Debug|Any CPU.Build.0 = Debug|Any CPU
		{CE4063E2-C1F3-4281-B00F-4ECBF752E720}.Release|Any CPU.ActiveCfg = Release|Any CPU
		{CE4063E2-C1F3-4281-B00F-4ECBF752E720}.Release|Any CPU.Build.0 = Release|Any CPU
	EndGlobalSection
	GlobalSection(SolutionProperties) = preSolution
		HideSolutionNode = FALSE
	EndGlobalSection
	GlobalSection(NestedProjects) = preSolution
		{B666B81E-EE78-45EE-B2B7-F31F43F32AF2} = {F28CD8AD-D2AF-48A7-8A0E-31C6A3F7DCD9}
		{C16E75BD-7BEA-4296-85E9-F1EA31B66CD7} = {F28CD8AD-D2AF-48A7-8A0E-31C6A3F7DCD9}
		{C4D039B4-162C-4E1F-85D0-C57FCD4D0272} = {F28CD8AD-D2AF-48A7-8A0E-31C6A3F7DCD9}
		{FD8A8087-B662-467E-BC1C-5BBBEA2094AB} = {F28CD8AD-D2AF-48A7-8A0E-31C6A3F7DCD9}
		{41A5E431-D244-4BD3-A6C3-CA89A9B3DAB4} = {F28CD8AD-D2AF-48A7-8A0E-31C6A3F7DCD9}
		{333A998F-6735-4DA2-80EF-8ED0555B3B3F} = {872DAECB-B1C0-4465-8A10-C4092D6C3062}
		{824B8816-6065-4EA3-BB99-ADE020DA20EB} = {872DAECB-B1C0-4465-8A10-C4092D6C3062}
		{1906B666-4E9C-4806-868F-53B04045CD98} = {872DAECB-B1C0-4465-8A10-C4092D6C3062}
		{B2B02A30-EF7F-44B1-8855-3D152BB83A27} = {872DAECB-B1C0-4465-8A10-C4092D6C3062}
		{385F262B-3A97-41B9-8234-6A8B30916C46} = {872DAECB-B1C0-4465-8A10-C4092D6C3062}
		{DAA9E8F9-0297-44A3-84D9-D66771662E04} = {E72A3927-3D56-4EBC-B89A-204D00340BFF}
		{79856858-F42E-46D7-BE52-B8E4103D425D} = {E72A3927-3D56-4EBC-B89A-204D00340BFF}
		{F4C2E03D-DCB8-4E6E-8E5E-BBABEEB30B0E} = {E72A3927-3D56-4EBC-B89A-204D00340BFF}
		{68F1E02E-720D-451A-8383-DFC7DE7F71DE} = {E72A3927-3D56-4EBC-B89A-204D00340BFF}
		{36F05FC0-3004-4913-8FC0-BEC17EBA0B44} = {0F4F88BA-66BE-4BDF-A5D5-FCD80B33F9E0}
		{75DAF24D-39E7-4F75-BCE2-161D55B236F4} = {0F4F88BA-66BE-4BDF-A5D5-FCD80B33F9E0}
		{17E142AE-B20A-4CA7-A8D3-FA04B6876275} = {0F4F88BA-66BE-4BDF-A5D5-FCD80B33F9E0}
		{3B4B5F91-EF27-4485-A215-0D8E15CACAAA} = {0F4F88BA-66BE-4BDF-A5D5-FCD80B33F9E0}
		{CE4063E2-C1F3-4281-B00F-4ECBF752E720} = {323523D7-A74C-4C64-B18D-027777259667}
	EndGlobalSection
	GlobalSection(ExtensibilityGlobals) = postSolution
		SolutionGuid = {229C1B92-B597-40D0-B589-E79149D091FD}
	EndGlobalSection
EndGlobal
